
Microsoft Visual Studio Solution File, Format Version 12.00
# Visual Studio Version 16
VisualStudioVersion = 16.0.30804.86
MinimumVisualStudioVersion = 10.0.40219.1
Project("{8BC9CEB8-8B4A-11D0-8D11-00A0C91BC942}") = "LeetCode", "LeetCode\LeetCode.vcxproj", "{9C034018-6045-4889-8C2A-27651CA804C3}"
EndProject
Project("{8BC9CEB8-8B4A-11D0-8D11-00A0C91BC942}") = "6_ZigZagConversion", "6_ZigZagConversion\6_ZigZagConversion.vcxproj", "{A4893F8D-86FB-449E-BAA1-9919F3F95A55}"
EndProject
Project("{8BC9CEB8-8B4A-11D0-8D11-00A0C91BC942}") = "47_Permutations_II", "47_Permutations_II\47_Permutations_II.vcxproj", "{111CB17D-BA6B-43FE-AEA8-0BEE4271E5FC}"
EndProject
Project("{8BC9CEB8-8B4A-11D0-8D11-00A0C91BC942}") = "1542_FindLongestAwesomeSubstring", "1542_FindLongestAwesomeSubstring\1542_FindLongestAwesomeSubstring.vcxproj", "{0EDAC43B-220E-4E83-9CFD-11B28E9A8AEF}"
EndProject
Project("{8BC9CEB8-8B4A-11D0-8D11-00A0C91BC942}") = "9_PalindromeNumber", "9_PalindromeNumber\9_PalindromeNumber.vcxproj", "{4817DC60-9334-45BE-996F-39226884E20E}"
EndProject
Project("{8BC9CEB8-8B4A-11D0-8D11-00A0C91BC942}") = "14_LongestCommonPrefix", "14._LongestCommonPrefix\14._LongestCommonPrefix.vcxproj", "{ED744787-7B4C-47F0-A3D0-A27D1ECF30AD}"
EndProject
Project("{8BC9CEB8-8B4A-11D0-8D11-00A0C91BC942}") = "15_3Sum", "15_3Sum\15_3Sum.vcxproj", "{8736726B-C922-47B8-BFFB-0A4412F3EB9C}"
EndProject
Project("{8BC9CEB8-8B4A-11D0-8D11-00A0C91BC942}") = "18_4Sum", "18_4Sum\18_4Sum.vcxproj", "{A85D140C-A296-4D16-9029-7D36EACFAACE}"
EndProject
Project("{8BC9CEB8-8B4A-11D0-8D11-00A0C91BC942}") = "1114_PrintInOrder", "1114_PrintInOrder\1114_PrintInOrder.vcxproj", "{C341916F-995B-4F32-9C28-B1B768CBF4A8}"
EndProject
Project("{8BC9CEB8-8B4A-11D0-8D11-00A0C91BC942}") = "20_ValidParentheses", "20_ValidParentheses\20_ValidParentheses.vcxproj", "{A9BD4D47-625F-46BD-B4DA-2CD47CA0DED7}"
EndProject
Project("{2150E333-8FDC-42A3-9474-1A3956D46DE8}") = "Solution Items", "Solution Items", "{013361C8-E207-4EBD-87FB-D3CFC40A5E66}"
	ProjectSection(SolutionItems) = preProject
		global.h = global.h
	EndProjectSection
EndProject
Project("{8BC9CEB8-8B4A-11D0-8D11-00A0C91BC942}") = "21_MergeTwoSortedLists", "21_MergeTwoSortedLists\21_MergeTwoSortedLists.vcxproj", "{C3204A94-03FB-4993-8883-541598DEBE06}"
EndProject
Project("{8BC9CEB8-8B4A-11D0-8D11-00A0C91BC942}") = "1291_SequentialDigits", "1291_SequentialDigits\1291_SequentialDigits.vcxproj", "{13D56196-98E6-4BD4-A479-680D38E19C06}"
EndProject
Project("{8BC9CEB8-8B4A-11D0-8D11-00A0C91BC942}") = "1702_MaximumBinaryStringAfterChange", "1702_MaximumBinaryStringAfterChange\1702_MaximumBinaryStringAfterChange.vcxproj", "{55AFE034-E9CB-4AF4-9DAD-C980A4EEE5B6}"
EndProject
Project("{8BC9CEB8-8B4A-11D0-8D11-00A0C91BC942}") = "37_SudokuSolver", "37_SudokuSolver\37_SudokuSolver.vcxproj", "{CFCF30ED-FA12-4ABB-934B-7FC67525D436}"
EndProject
Project("{8BC9CEB8-8B4A-11D0-8D11-00A0C91BC942}") = "36_ValidSudoku", "36_ValidSudoku\36_ValidSudoku.vcxproj", "{2B879BC9-A21D-40BC-A2AA-64B79210AC29}"
EndProject
Project("{8BC9CEB8-8B4A-11D0-8D11-00A0C91BC942}") = "104_MaximumDepthofBinaryTree", "104_MaximumDepthofBinaryTree\104_MaximumDepthofBinaryTree.vcxproj", "{545384BC-AA5A-44AC-A2BD-8A0EBC47F145}"
EndProject
Project("{8BC9CEB8-8B4A-11D0-8D11-00A0C91BC942}") = "1161_MaximumLevelSumofaBinaryTree", "1161_MaximumLevelSumofaBinaryTree\1161_MaximumLevelSumofaBinaryTree.vcxproj", "{59A4D2C1-E998-421D-9354-7E68FA83272D}"
EndProject
Project("{8BC9CEB8-8B4A-11D0-8D11-00A0C91BC942}") = "1387_SortIntegersbyThePowerValue", "1387_SortIntegersbyThePowerValue\1387_SortIntegersbyThePowerValue.vcxproj", "{D5226C92-33C6-4978-9471-019EFE7A329A}"
EndProject
Project("{8BC9CEB8-8B4A-11D0-8D11-00A0C91BC942}") = "13_RomantoInteger", "13_RomantoInteger\13_RomantoInteger.vcxproj", "{753AE870-3EF4-4C70-AABC-1F2619CB319A}"
EndProject
Project("{8BC9CEB8-8B4A-11D0-8D11-00A0C91BC942}") = "131_PalindromePartitioning", "131_PalindromePartitioning\131_PalindromePartitioning.vcxproj", "{F5DEC5C2-0A8E-4758-95E2-F3987563DEE0}"
EndProject
Project("{8BC9CEB8-8B4A-11D0-8D11-00A0C91BC942}") = "16_3SumClosest", "16_3SumClosest\16_3SumClosest.vcxproj", "{5D33A551-2804-43E3-836C-B72F6A3FCBD8}"
EndProject
Global
	GlobalSection(SolutionConfigurationPlatforms) = preSolution
		Debug|x64 = Debug|x64
		Debug|x86 = Debug|x86
		Release|x64 = Release|x64
		Release|x86 = Release|x86
	EndGlobalSection
	GlobalSection(ProjectConfigurationPlatforms) = postSolution
		{9C034018-6045-4889-8C2A-27651CA804C3}.Debug|x64.ActiveCfg = Debug|x64
		{9C034018-6045-4889-8C2A-27651CA804C3}.Debug|x64.Build.0 = Debug|x64
		{9C034018-6045-4889-8C2A-27651CA804C3}.Debug|x86.ActiveCfg = Debug|Win32
		{9C034018-6045-4889-8C2A-27651CA804C3}.Debug|x86.Build.0 = Debug|Win32
		{9C034018-6045-4889-8C2A-27651CA804C3}.Release|x64.ActiveCfg = Release|x64
		{9C034018-6045-4889-8C2A-27651CA804C3}.Release|x64.Build.0 = Release|x64
		{9C034018-6045-4889-8C2A-27651CA804C3}.Release|x86.ActiveCfg = Release|Win32
		{9C034018-6045-4889-8C2A-27651CA804C3}.Release|x86.Build.0 = Release|Win32
		{A4893F8D-86FB-449E-BAA1-9919F3F95A55}.Debug|x64.ActiveCfg = Debug|x64
		{A4893F8D-86FB-449E-BAA1-9919F3F95A55}.Debug|x64.Build.0 = Debug|x64
		{A4893F8D-86FB-449E-BAA1-9919F3F95A55}.Debug|x86.ActiveCfg = Debug|Win32
		{A4893F8D-86FB-449E-BAA1-9919F3F95A55}.Debug|x86.Build.0 = Debug|Win32
		{A4893F8D-86FB-449E-BAA1-9919F3F95A55}.Release|x64.ActiveCfg = Release|x64
		{A4893F8D-86FB-449E-BAA1-9919F3F95A55}.Release|x64.Build.0 = Release|x64
		{A4893F8D-86FB-449E-BAA1-9919F3F95A55}.Release|x86.ActiveCfg = Release|Win32
		{A4893F8D-86FB-449E-BAA1-9919F3F95A55}.Release|x86.Build.0 = Release|Win32
		{111CB17D-BA6B-43FE-AEA8-0BEE4271E5FC}.Debug|x64.ActiveCfg = Debug|x64
		{111CB17D-BA6B-43FE-AEA8-0BEE4271E5FC}.Debug|x64.Build.0 = Debug|x64
		{111CB17D-BA6B-43FE-AEA8-0BEE4271E5FC}.Debug|x86.ActiveCfg = Debug|Win32
		{111CB17D-BA6B-43FE-AEA8-0BEE4271E5FC}.Debug|x86.Build.0 = Debug|Win32
		{111CB17D-BA6B-43FE-AEA8-0BEE4271E5FC}.Release|x64.ActiveCfg = Release|x64
		{111CB17D-BA6B-43FE-AEA8-0BEE4271E5FC}.Release|x64.Build.0 = Release|x64
		{111CB17D-BA6B-43FE-AEA8-0BEE4271E5FC}.Release|x86.ActiveCfg = Release|Win32
		{111CB17D-BA6B-43FE-AEA8-0BEE4271E5FC}.Release|x86.Build.0 = Release|Win32
		{0EDAC43B-220E-4E83-9CFD-11B28E9A8AEF}.Debug|x64.ActiveCfg = Debug|x64
		{0EDAC43B-220E-4E83-9CFD-11B28E9A8AEF}.Debug|x64.Build.0 = Debug|x64
		{0EDAC43B-220E-4E83-9CFD-11B28E9A8AEF}.Debug|x86.ActiveCfg = Debug|Win32
		{0EDAC43B-220E-4E83-9CFD-11B28E9A8AEF}.Debug|x86.Build.0 = Debug|Win32
		{0EDAC43B-220E-4E83-9CFD-11B28E9A8AEF}.Release|x64.ActiveCfg = Release|x64
		{0EDAC43B-220E-4E83-9CFD-11B28E9A8AEF}.Release|x64.Build.0 = Release|x64
		{0EDAC43B-220E-4E83-9CFD-11B28E9A8AEF}.Release|x86.ActiveCfg = Release|Win32
		{0EDAC43B-220E-4E83-9CFD-11B28E9A8AEF}.Release|x86.Build.0 = Release|Win32
		{4817DC60-9334-45BE-996F-39226884E20E}.Debug|x64.ActiveCfg = Debug|x64
		{4817DC60-9334-45BE-996F-39226884E20E}.Debug|x64.Build.0 = Debug|x64
		{4817DC60-9334-45BE-996F-39226884E20E}.Debug|x86.ActiveCfg = Debug|Win32
		{4817DC60-9334-45BE-996F-39226884E20E}.Debug|x86.Build.0 = Debug|Win32
		{4817DC60-9334-45BE-996F-39226884E20E}.Release|x64.ActiveCfg = Release|x64
		{4817DC60-9334-45BE-996F-39226884E20E}.Release|x64.Build.0 = Release|x64
		{4817DC60-9334-45BE-996F-39226884E20E}.Release|x86.ActiveCfg = Release|Win32
		{4817DC60-9334-45BE-996F-39226884E20E}.Release|x86.Build.0 = Release|Win32
		{ED744787-7B4C-47F0-A3D0-A27D1ECF30AD}.Debug|x64.ActiveCfg = Debug|x64
		{ED744787-7B4C-47F0-A3D0-A27D1ECF30AD}.Debug|x64.Build.0 = Debug|x64
		{ED744787-7B4C-47F0-A3D0-A27D1ECF30AD}.Debug|x86.ActiveCfg = Debug|Win32
		{ED744787-7B4C-47F0-A3D0-A27D1ECF30AD}.Debug|x86.Build.0 = Debug|Win32
		{ED744787-7B4C-47F0-A3D0-A27D1ECF30AD}.Release|x64.ActiveCfg = Release|x64
		{ED744787-7B4C-47F0-A3D0-A27D1ECF30AD}.Release|x64.Build.0 = Release|x64
		{ED744787-7B4C-47F0-A3D0-A27D1ECF30AD}.Release|x86.ActiveCfg = Release|Win32
		{ED744787-7B4C-47F0-A3D0-A27D1ECF30AD}.Release|x86.Build.0 = Release|Win32
		{8736726B-C922-47B8-BFFB-0A4412F3EB9C}.Debug|x64.ActiveCfg = Debug|x64
		{8736726B-C922-47B8-BFFB-0A4412F3EB9C}.Debug|x64.Build.0 = Debug|x64
		{8736726B-C922-47B8-BFFB-0A4412F3EB9C}.Debug|x86.ActiveCfg = Debug|Win32
		{8736726B-C922-47B8-BFFB-0A4412F3EB9C}.Debug|x86.Build.0 = Debug|Win32
		{8736726B-C922-47B8-BFFB-0A4412F3EB9C}.Release|x64.ActiveCfg = Release|x64
		{8736726B-C922-47B8-BFFB-0A4412F3EB9C}.Release|x64.Build.0 = Release|x64
		{8736726B-C922-47B8-BFFB-0A4412F3EB9C}.Release|x86.ActiveCfg = Release|Win32
		{8736726B-C922-47B8-BFFB-0A4412F3EB9C}.Release|x86.Build.0 = Release|Win32
		{A85D140C-A296-4D16-9029-7D36EACFAACE}.Debug|x64.ActiveCfg = Debug|x64
		{A85D140C-A296-4D16-9029-7D36EACFAACE}.Debug|x64.Build.0 = Debug|x64
		{A85D140C-A296-4D16-9029-7D36EACFAACE}.Debug|x86.ActiveCfg = Debug|Win32
		{A85D140C-A296-4D16-9029-7D36EACFAACE}.Debug|x86.Build.0 = Debug|Win32
		{A85D140C-A296-4D16-9029-7D36EACFAACE}.Release|x64.ActiveCfg = Release|x64
		{A85D140C-A296-4D16-9029-7D36EACFAACE}.Release|x64.Build.0 = Release|x64
		{A85D140C-A296-4D16-9029-7D36EACFAACE}.Release|x86.ActiveCfg = Release|Win32
		{A85D140C-A296-4D16-9029-7D36EACFAACE}.Release|x86.Build.0 = Release|Win32
		{C341916F-995B-4F32-9C28-B1B768CBF4A8}.Debug|x64.ActiveCfg = Debug|x64
		{C341916F-995B-4F32-9C28-B1B768CBF4A8}.Debug|x64.Build.0 = Debug|x64
		{C341916F-995B-4F32-9C28-B1B768CBF4A8}.Debug|x86.ActiveCfg = Debug|Win32
		{C341916F-995B-4F32-9C28-B1B768CBF4A8}.Debug|x86.Build.0 = Debug|Win32
		{C341916F-995B-4F32-9C28-B1B768CBF4A8}.Release|x64.ActiveCfg = Release|x64
		{C341916F-995B-4F32-9C28-B1B768CBF4A8}.Release|x64.Build.0 = Release|x64
		{C341916F-995B-4F32-9C28-B1B768CBF4A8}.Release|x86.ActiveCfg = Release|Win32
		{C341916F-995B-4F32-9C28-B1B768CBF4A8}.Release|x86.Build.0 = Release|Win32
		{A9BD4D47-625F-46BD-B4DA-2CD47CA0DED7}.Debug|x64.ActiveCfg = Debug|x64
		{A9BD4D47-625F-46BD-B4DA-2CD47CA0DED7}.Debug|x64.Build.0 = Debug|x64
		{A9BD4D47-625F-46BD-B4DA-2CD47CA0DED7}.Debug|x86.ActiveCfg = Debug|Win32
		{A9BD4D47-625F-46BD-B4DA-2CD47CA0DED7}.Debug|x86.Build.0 = Debug|Win32
		{A9BD4D47-625F-46BD-B4DA-2CD47CA0DED7}.Release|x64.ActiveCfg = Release|x64
		{A9BD4D47-625F-46BD-B4DA-2CD47CA0DED7}.Release|x64.Build.0 = Release|x64
		{A9BD4D47-625F-46BD-B4DA-2CD47CA0DED7}.Release|x86.ActiveCfg = Release|Win32
		{A9BD4D47-625F-46BD-B4DA-2CD47CA0DED7}.Release|x86.Build.0 = Release|Win32
		{C3204A94-03FB-4993-8883-541598DEBE06}.Debug|x64.ActiveCfg = Debug|x64
		{C3204A94-03FB-4993-8883-541598DEBE06}.Debug|x64.Build.0 = Debug|x64
		{C3204A94-03FB-4993-8883-541598DEBE06}.Debug|x86.ActiveCfg = Debug|Win32
		{C3204A94-03FB-4993-8883-541598DEBE06}.Debug|x86.Build.0 = Debug|Win32
		{C3204A94-03FB-4993-8883-541598DEBE06}.Release|x64.ActiveCfg = Release|x64
		{C3204A94-03FB-4993-8883-541598DEBE06}.Release|x64.Build.0 = Release|x64
		{C3204A94-03FB-4993-8883-541598DEBE06}.Release|x86.ActiveCfg = Release|Win32
		{C3204A94-03FB-4993-8883-541598DEBE06}.Release|x86.Build.0 = Release|Win32
		{13D56196-98E6-4BD4-A479-680D38E19C06}.Debug|x64.ActiveCfg = Debug|x64
		{13D56196-98E6-4BD4-A479-680D38E19C06}.Debug|x64.Build.0 = Debug|x64
		{13D56196-98E6-4BD4-A479-680D38E19C06}.Debug|x86.ActiveCfg = Debug|Win32
		{13D56196-98E6-4BD4-A479-680D38E19C06}.Debug|x86.Build.0 = Debug|Win32
		{13D56196-98E6-4BD4-A479-680D38E19C06}.Release|x64.ActiveCfg = Release|x64
		{13D56196-98E6-4BD4-A479-680D38E19C06}.Release|x64.Build.0 = Release|x64
		{13D56196-98E6-4BD4-A479-680D38E19C06}.Release|x86.ActiveCfg = Release|Win32
		{13D56196-98E6-4BD4-A479-680D38E19C06}.Release|x86.Build.0 = Release|Win32
		{55AFE034-E9CB-4AF4-9DAD-C980A4EEE5B6}.Debug|x64.ActiveCfg = Debug|x64
		{55AFE034-E9CB-4AF4-9DAD-C980A4EEE5B6}.Debug|x64.Build.0 = Debug|x64
		{55AFE034-E9CB-4AF4-9DAD-C980A4EEE5B6}.Debug|x86.ActiveCfg = Debug|Win32
		{55AFE034-E9CB-4AF4-9DAD-C980A4EEE5B6}.Debug|x86.Build.0 = Debug|Win32
		{55AFE034-E9CB-4AF4-9DAD-C980A4EEE5B6}.Release|x64.ActiveCfg = Release|x64
		{55AFE034-E9CB-4AF4-9DAD-C980A4EEE5B6}.Release|x64.Build.0 = Release|x64
		{55AFE034-E9CB-4AF4-9DAD-C980A4EEE5B6}.Release|x86.ActiveCfg = Release|Win32
		{55AFE034-E9CB-4AF4-9DAD-C980A4EEE5B6}.Release|x86.Build.0 = Release|Win32
		{CFCF30ED-FA12-4ABB-934B-7FC67525D436}.Debug|x64.ActiveCfg = Debug|x64
		{CFCF30ED-FA12-4ABB-934B-7FC67525D436}.Debug|x64.Build.0 = Debug|x64
		{CFCF30ED-FA12-4ABB-934B-7FC67525D436}.Debug|x86.ActiveCfg = Debug|Win32
		{CFCF30ED-FA12-4ABB-934B-7FC67525D436}.Debug|x86.Build.0 = Debug|Win32
		{CFCF30ED-FA12-4ABB-934B-7FC67525D436}.Release|x64.ActiveCfg = Release|x64
		{CFCF30ED-FA12-4ABB-934B-7FC67525D436}.Release|x64.Build.0 = Release|x64
		{CFCF30ED-FA12-4ABB-934B-7FC67525D436}.Release|x86.ActiveCfg = Release|Win32
		{CFCF30ED-FA12-4ABB-934B-7FC67525D436}.Release|x86.Build.0 = Release|Win32
		{2B879BC9-A21D-40BC-A2AA-64B79210AC29}.Debug|x64.ActiveCfg = Debug|x64
		{2B879BC9-A21D-40BC-A2AA-64B79210AC29}.Debug|x64.Build.0 = Debug|x64
		{2B879BC9-A21D-40BC-A2AA-64B79210AC29}.Debug|x86.ActiveCfg = Debug|Win32
		{2B879BC9-A21D-40BC-A2AA-64B79210AC29}.Debug|x86.Build.0 = Debug|Win32
		{2B879BC9-A21D-40BC-A2AA-64B79210AC29}.Release|x64.ActiveCfg = Release|x64
		{2B879BC9-A21D-40BC-A2AA-64B79210AC29}.Release|x64.Build.0 = Release|x64
		{2B879BC9-A21D-40BC-A2AA-64B79210AC29}.Release|x86.ActiveCfg = Release|Win32
		{2B879BC9-A21D-40BC-A2AA-64B79210AC29}.Release|x86.Build.0 = Release|Win32
		{545384BC-AA5A-44AC-A2BD-8A0EBC47F145}.Debug|x64.ActiveCfg = Debug|x64
		{545384BC-AA5A-44AC-A2BD-8A0EBC47F145}.Debug|x64.Build.0 = Debug|x64
		{545384BC-AA5A-44AC-A2BD-8A0EBC47F145}.Debug|x86.ActiveCfg = Debug|Win32
		{545384BC-AA5A-44AC-A2BD-8A0EBC47F145}.Debug|x86.Build.0 = Debug|Win32
		{545384BC-AA5A-44AC-A2BD-8A0EBC47F145}.Release|x64.ActiveCfg = Release|x64
		{545384BC-AA5A-44AC-A2BD-8A0EBC47F145}.Release|x64.Build.0 = Release|x64
		{545384BC-AA5A-44AC-A2BD-8A0EBC47F145}.Release|x86.ActiveCfg = Release|Win32
		{545384BC-AA5A-44AC-A2BD-8A0EBC47F145}.Release|x86.Build.0 = Release|Win32
		{59A4D2C1-E998-421D-9354-7E68FA83272D}.Debug|x64.ActiveCfg = Debug|x64
		{59A4D2C1-E998-421D-9354-7E68FA83272D}.Debug|x64.Build.0 = Debug|x64
		{59A4D2C1-E998-421D-9354-7E68FA83272D}.Debug|x86.ActiveCfg = Debug|Win32
		{59A4D2C1-E998-421D-9354-7E68FA83272D}.Debug|x86.Build.0 = Debug|Win32
		{59A4D2C1-E998-421D-9354-7E68FA83272D}.Release|x64.ActiveCfg = Release|x64
		{59A4D2C1-E998-421D-9354-7E68FA83272D}.Release|x64.Build.0 = Release|x64
		{59A4D2C1-E998-421D-9354-7E68FA83272D}.Release|x86.ActiveCfg = Release|Win32
		{59A4D2C1-E998-421D-9354-7E68FA83272D}.Release|x86.Build.0 = Release|Win32
		{D5226C92-33C6-4978-9471-019EFE7A329A}.Debug|x64.ActiveCfg = Debug|x64
		{D5226C92-33C6-4978-9471-019EFE7A329A}.Debug|x64.Build.0 = Debug|x64
		{D5226C92-33C6-4978-9471-019EFE7A329A}.Debug|x86.ActiveCfg = Debug|Win32
		{D5226C92-33C6-4978-9471-019EFE7A329A}.Debug|x86.Build.0 = Debug|Win32
		{D5226C92-33C6-4978-9471-019EFE7A329A}.Release|x64.ActiveCfg = Release|x64
		{D5226C92-33C6-4978-9471-019EFE7A329A}.Release|x64.Build.0 = Release|x64
		{D5226C92-33C6-4978-9471-019EFE7A329A}.Release|x86.ActiveCfg = Release|Win32
		{D5226C92-33C6-4978-9471-019EFE7A329A}.Release|x86.Build.0 = Release|Win32
		{753AE870-3EF4-4C70-AABC-1F2619CB319A}.Debug|x64.ActiveCfg = Debug|x64
		{753AE870-3EF4-4C70-AABC-1F2619CB319A}.Debug|x64.Build.0 = Debug|x64
		{753AE870-3EF4-4C70-AABC-1F2619CB319A}.Debug|x86.ActiveCfg = Debug|Win32
		{753AE870-3EF4-4C70-AABC-1F2619CB319A}.Debug|x86.Build.0 = Debug|Win32
		{753AE870-3EF4-4C70-AABC-1F2619CB319A}.Release|x64.ActiveCfg = Release|x64
		{753AE870-3EF4-4C70-AABC-1F2619CB319A}.Release|x64.Build.0 = Release|x64
		{753AE870-3EF4-4C70-AABC-1F2619CB319A}.Release|x86.ActiveCfg = Release|Win32
		{753AE870-3EF4-4C70-AABC-1F2619CB319A}.Release|x86.Build.0 = Release|Win32
		{F5DEC5C2-0A8E-4758-95E2-F3987563DEE0}.Debug|x64.ActiveCfg = Debug|x64
		{F5DEC5C2-0A8E-4758-95E2-F3987563DEE0}.Debug|x64.Build.0 = Debug|x64
		{F5DEC5C2-0A8E-4758-95E2-F3987563DEE0}.Debug|x86.ActiveCfg = Debug|Win32
		{F5DEC5C2-0A8E-4758-95E2-F3987563DEE0}.Debug|x86.Build.0 = Debug|Win32
		{F5DEC5C2-0A8E-4758-95E2-F3987563DEE0}.Release|x64.ActiveCfg = Release|x64
		{F5DEC5C2-0A8E-4758-95E2-F3987563DEE0}.Release|x64.Build.0 = Release|x64
		{F5DEC5C2-0A8E-4758-95E2-F3987563DEE0}.Release|x86.ActiveCfg = Release|Win32
		{F5DEC5C2-0A8E-4758-95E2-F3987563DEE0}.Release|x86.Build.0 = Release|Win32
		{5D33A551-2804-43E3-836C-B72F6A3FCBD8}.Debug|x64.ActiveCfg = Debug|x64
		{5D33A551-2804-43E3-836C-B72F6A3FCBD8}.Debug|x64.Build.0 = Debug|x64
		{5D33A551-2804-43E3-836C-B72F6A3FCBD8}.Debug|x86.ActiveCfg = Debug|Win32
		{5D33A551-2804-43E3-836C-B72F6A3FCBD8}.Debug|x86.Build.0 = Debug|Win32
		{5D33A551-2804-43E3-836C-B72F6A3FCBD8}.Release|x64.ActiveCfg = Release|x64
		{5D33A551-2804-43E3-836C-B72F6A3FCBD8}.Release|x64.Build.0 = Release|x64
		{5D33A551-2804-43E3-836C-B72F6A3FCBD8}.Release|x86.ActiveCfg = Release|Win32
		{5D33A551-2804-43E3-836C-B72F6A3FCBD8}.Release|x86.Build.0 = Release|Win32
	EndGlobalSection
	GlobalSection(SolutionProperties) = preSolution
		HideSolutionNode = FALSE
	EndGlobalSection
	GlobalSection(ExtensibilityGlobals) = postSolution
		SolutionGuid = {3379BFB7-9647-4C0F-AE07-46127990A576}
	EndGlobalSection
EndGlobal
